
Microsoft Visual Studio Solution File, Format Version 12.00
# Visual Studio Version 17
VisualStudioVersion = 17.7.34031.279
MinimumVisualStudioVersion = 10.0.40219.1
Project("{FAE04EC0-301F-11D3-BF4B-00C04F79EFBC}") = "calculatorApp", "calculatorApp.csproj", "{DDCEE0CA-0EDD-4E29-83E1-7B5344109A83}"
EndProject
Global
	GlobalSection(SolutionConfigurationPlatforms) = preSolution
		Debug|Any CPU = Debug|Any CPU
		Release|Any CPU = Release|Any CPU
	EndGlobalSection
	GlobalSection(ProjectConfigurationPlatforms) = postSolution
		{DDCEE0CA-0EDD-4E29-83E1-7B5344109A83}.Debug|Any CPU.ActiveCfg = Debug|Any CPU
		{DDCEE0CA-0EDD-4E29-83E1-7B5344109A83}.Debug|Any CPU.Build.0 = Debug|Any CPU
		{DDCEE0CA-0EDD-4E29-83E1-7B5344109A83}.Release|Any CPU.ActiveCfg = Release|Any CPU
		{DDCEE0CA-0EDD-4E29-83E1-7B5344109A83}.Release|Any CPU.Build.0 = Release|Any CPU
	EndGlobalSection
	GlobalSection(SolutionProperties) = preSolution
		HideSolutionNode = FALSE
	EndGlobalSection
	GlobalSection(ExtensibilityGlobals) = postSolution
		SolutionGuid = {E6F89CC0-27D1-4D6F-88DA-62090F9C34C2}
	EndGlobalSection
EndGlobal
